
Microsoft Visual Studio Solution File, Format Version 12.00
# Visual Studio 15
VisualStudioVersion = 15.0.27130.2036
MinimumVisualStudioVersion = 10.0.40219.1
Project("{9A19103F-16F7-4668-BE54-9A1E7A4F7556}") = "Yort.Eftpos.Verifone.PosLink.NetStandard20", "NetStandard20\Yort.Eftpos.Verifone.PosLink.NetStandard20.csproj", "{A93DFFD3-1155-45B1-A546-CD6C579CFBC9}"
EndProject
Project("{D954291E-2A0B-460D-934E-DC6B0785DB48}") = "Yort.Eftpos.Verifone.PosLink.Shared", "Shared\Yort.Eftpos.Verifone.PosLink.Shared.shproj", "{6C342B19-752E-4092-B067-AFE6248F208F}"
EndProject
Project("{FAE04EC0-301F-11D3-BF4B-00C04F79EFBC}") = "Yort.Eftpos.Verifone.PosLink.Uwp", "Uwp\Yort.Eftpos.Verifone.PosLink.Uwp.csproj", "{CF2FCE24-FAB0-4E6B-8DC7-89098DA5C71E}"
EndProject
Project("{2150E333-8FDC-42A3-9474-1A3956D46DE8}") = "Solution Items", "Solution Items", "{4F7CB8EC-B1ED-4CCE-80A0-4C5A308B2B87}"
	ProjectSection(SolutionItems) = preProject
		.editorconfig = .editorconfig
	EndProjectSection
EndProject
Project("{FAE04EC0-301F-11D3-BF4B-00C04F79EFBC}") = "Yort.Eftpos.Verifone.PosLink.Tests", "Tests\Yort.Eftpos.Verifone.PosLink.Tests.csproj", "{B70BE382-C5A6-4AF0-A8E3-9D73C5BD2995}"
EndProject
Project("{D954291E-2A0B-460D-934E-DC6B0785DB48}") = "XFSample", "Samples\XFSample\XFSample.shproj", "{3907FBBE-BDFB-48E6-99B0-4B6BB84F2CC5}"
EndProject
Project("{FAE04EC0-301F-11D3-BF4B-00C04F79EFBC}") = "XFSample.Android", "Samples\XFSample.Android\XFSample.Android.csproj", "{808DC2C6-BA7A-41FC-B8AD-912C83F932BE}"
EndProject
Project("{FAE04EC0-301F-11D3-BF4B-00C04F79EFBC}") = "XFSample.iOS", "Samples\XFSample.iOS\XFSample.iOS.csproj", "{88762F8A-2EBF-4328-BF01-E823AD378F3F}"
EndProject
Project("{FAE04EC0-301F-11D3-BF4B-00C04F79EFBC}") = "XFSample.UWP", "Samples\XFSample.UWP\XFSample.UWP.csproj", "{4E4C4CFF-1977-4AFF-8319-F1224BF368F8}"
EndProject
Project("{FAE04EC0-301F-11D3-BF4B-00C04F79EFBC}") = "Yort.Eftpos.Verifone.PosLink.Net45", "Net45\Yort.Eftpos.Verifone.PosLink.Net45.csproj", "{896502DA-E348-4A5F-91F9-472813637508}"
EndProject
Project("{FAE04EC0-301F-11D3-BF4B-00C04F79EFBC}") = "Yort.Eftpos.Verifone.PosLink.WinForms", "WinForms\Yort.Eftpos.Verifone.PosLink.WinForms.csproj", "{BE5AA007-4C29-4269-A5C1-7BD68E48ADE3}"
EndProject
Global
	GlobalSection(SharedMSBuildProjectFiles) = preSolution
		Samples\XFSample\Yort.Eftpos.Verifone.PosLink.XFSample.projitems*{3907fbbe-bdfb-48e6-99b0-4b6bb84f2cc5}*SharedItemsImports = 13
		Samples\XFSample\Yort.Eftpos.Verifone.PosLink.XFSample.projitems*{4e4c4cff-1977-4aff-8319-f1224bf368f8}*SharedItemsImports = 4
		Shared\Yort.Eftpos.Verifone.PosLink.Shared.projitems*{6c342b19-752e-4092-b067-afe6248f208f}*SharedItemsImports = 13
		Samples\XFSample\Yort.Eftpos.Verifone.PosLink.XFSample.projitems*{808dc2c6-ba7a-41fc-b8ad-912c83f932be}*SharedItemsImports = 4
		Samples\XFSample\Yort.Eftpos.Verifone.PosLink.XFSample.projitems*{88762f8a-2ebf-4328-bf01-e823ad378f3f}*SharedItemsImports = 4
		Shared\Yort.Eftpos.Verifone.PosLink.Shared.projitems*{896502da-e348-4a5f-91f9-472813637508}*SharedItemsImports = 4
		Shared\Yort.Eftpos.Verifone.PosLink.Shared.projitems*{cf2fce24-fab0-4e6b-8dc7-89098da5c71e}*SharedItemsImports = 4
	EndGlobalSection
	GlobalSection(SolutionConfigurationPlatforms) = preSolution
		Ad-Hoc|Any CPU = Ad-Hoc|Any CPU
		Ad-Hoc|ARM = Ad-Hoc|ARM
		Ad-Hoc|iPhone = Ad-Hoc|iPhone
		Ad-Hoc|iPhoneSimulator = Ad-Hoc|iPhoneSimulator
		Ad-Hoc|x64 = Ad-Hoc|x64
		Ad-Hoc|x86 = Ad-Hoc|x86
		AppStore|Any CPU = AppStore|Any CPU
		AppStore|ARM = AppStore|ARM
		AppStore|iPhone = AppStore|iPhone
		AppStore|iPhoneSimulator = AppStore|iPhoneSimulator
		AppStore|x64 = AppStore|x64
		AppStore|x86 = AppStore|x86
		Debug|Any CPU = Debug|Any CPU
		Debug|ARM = Debug|ARM
		Debug|iPhone = Debug|iPhone
		Debug|iPhoneSimulator = Debug|iPhoneSimulator
		Debug|x64 = Debug|x64
		Debug|x86 = Debug|x86
		Release|Any CPU = Release|Any CPU
		Release|ARM = Release|ARM
		Release|iPhone = Release|iPhone
		Release|iPhoneSimulator = Release|iPhoneSimulator
		Release|x64 = Release|x64
		Release|x86 = Release|x86
	EndGlobalSection
	GlobalSection(ProjectConfigurationPlatforms) = postSolution
		{A93DFFD3-1155-45B1-A546-CD6C579CFBC9}.Ad-Hoc|Any CPU.ActiveCfg = Release|Any CPU
		{A93DFFD3-1155-45B1-A546-CD6C579CFBC9}.Ad-Hoc|Any CPU.Build.0 = Release|Any CPU
		{A93DFFD3-1155-45B1-A546-CD6C579CFBC9}.Ad-Hoc|ARM.ActiveCfg = Release|Any CPU
		{A93DFFD3-1155-45B1-A546-CD6C579CFBC9}.Ad-Hoc|ARM.Build.0 = Release|Any CPU
		{A93DFFD3-1155-45B1-A546-CD6C579CFBC9}.Ad-Hoc|iPhone.ActiveCfg = Release|Any CPU
		{A93DFFD3-1155-45B1-A546-CD6C579CFBC9}.Ad-Hoc|iPhone.Build.0 = Release|Any CPU
		{A93DFFD3-1155-45B1-A546-CD6C579CFBC9}.Ad-Hoc|iPhoneSimulator.ActiveCfg = Release|Any CPU
		{A93DFFD3-1155-45B1-A546-CD6C579CFBC9}.Ad-Hoc|iPhoneSimulator.Build.0 = Release|Any CPU
		{A93DFFD3-1155-45B1-A546-CD6C579CFBC9}.Ad-Hoc|x64.ActiveCfg = Release|Any CPU
		{A93DFFD3-1155-45B1-A546-CD6C579CFBC9}.Ad-Hoc|x64.Build.0 = Release|Any CPU
		{A93DFFD3-1155-45B1-A546-CD6C579CFBC9}.Ad-Hoc|x86.ActiveCfg = Release|Any CPU
		{A93DFFD3-1155-45B1-A546-CD6C579CFBC9}.Ad-Hoc|x86.Build.0 = Release|Any CPU
		{A93DFFD3-1155-45B1-A546-CD6C579CFBC9}.AppStore|Any CPU.ActiveCfg = Release|Any CPU
		{A93DFFD3-1155-45B1-A546-CD6C579CFBC9}.AppStore|Any CPU.Build.0 = Release|Any CPU
		{A93DFFD3-1155-45B1-A546-CD6C579CFBC9}.AppStore|ARM.ActiveCfg = Release|Any CPU
		{A93DFFD3-1155-45B1-A546-CD6C579CFBC9}.AppStore|ARM.Build.0 = Release|Any CPU
		{A93DFFD3-1155-45B1-A546-CD6C579CFBC9}.AppStore|iPhone.ActiveCfg = Release|Any CPU
		{A93DFFD3-1155-45B1-A546-CD6C579CFBC9}.AppStore|iPhone.Build.0 = Release|Any CPU
		{A93DFFD3-1155-45B1-A546-CD6C579CFBC9}.AppStore|iPhoneSimulator.ActiveCfg = Release|Any CPU
		{A93DFFD3-1155-45B1-A546-CD6C579CFBC9}.AppStore|iPhoneSimulator.Build.0 = Release|Any CPU
		{A93DFFD3-1155-45B1-A546-CD6C579CFBC9}.AppStore|x64.ActiveCfg = Release|Any CPU
		{A93DFFD3-1155-45B1-A546-CD6C579CFBC9}.AppStore|x64.Build.0 = Release|Any CPU
		{A93DFFD3-1155-45B1-A546-CD6C579CFBC9}.AppStore|x86.ActiveCfg = Release|Any CPU
		{A93DFFD3-1155-45B1-A546-CD6C579CFBC9}.AppStore|x86.Build.0 = Release|Any CPU
		{A93DFFD3-1155-45B1-A546-CD6C579CFBC9}.Debug|Any CPU.ActiveCfg = Debug|Any CPU
		{A93DFFD3-1155-45B1-A546-CD6C579CFBC9}.Debug|Any CPU.Build.0 = Debug|Any CPU
		{A93DFFD3-1155-45B1-A546-CD6C579CFBC9}.Debug|ARM.ActiveCfg = Debug|Any CPU
		{A93DFFD3-1155-45B1-A546-CD6C579CFBC9}.Debug|ARM.Build.0 = Debug|Any CPU
		{A93DFFD3-1155-45B1-A546-CD6C579CFBC9}.Debug|iPhone.ActiveCfg = Debug|Any CPU
		{A93DFFD3-1155-45B1-A546-CD6C579CFBC9}.Debug|iPhone.Build.0 = Debug|Any CPU
		{A93DFFD3-1155-45B1-A546-CD6C579CFBC9}.Debug|iPhoneSimulator.ActiveCfg = Debug|Any CPU
		{A93DFFD3-1155-45B1-A546-CD6C579CFBC9}.Debug|iPhoneSimulator.Build.0 = Debug|Any CPU
		{A93DFFD3-1155-45B1-A546-CD6C579CFBC9}.Debug|x64.ActiveCfg = Debug|Any CPU
		{A93DFFD3-1155-45B1-A546-CD6C579CFBC9}.Debug|x64.Build.0 = Debug|Any CPU
		{A93DFFD3-1155-45B1-A546-CD6C579CFBC9}.Debug|x86.ActiveCfg = Debug|Any CPU
		{A93DFFD3-1155-45B1-A546-CD6C579CFBC9}.Debug|x86.Build.0 = Debug|Any CPU
		{A93DFFD3-1155-45B1-A546-CD6C579CFBC9}.Release|Any CPU.ActiveCfg = Release|Any CPU
		{A93DFFD3-1155-45B1-A546-CD6C579CFBC9}.Release|Any CPU.Build.0 = Release|Any CPU
		{A93DFFD3-1155-45B1-A546-CD6C579CFBC9}.Release|ARM.ActiveCfg = Release|Any CPU
		{A93DFFD3-1155-45B1-A546-CD6C579CFBC9}.Release|ARM.Build.0 = Release|Any CPU
		{A93DFFD3-1155-45B1-A546-CD6C579CFBC9}.Release|iPhone.ActiveCfg = Release|Any CPU
		{A93DFFD3-1155-45B1-A546-CD6C579CFBC9}.Release|iPhone.Build.0 = Release|Any CPU
		{A93DFFD3-1155-45B1-A546-CD6C579CFBC9}.Release|iPhoneSimulator.ActiveCfg = Release|Any CPU
		{A93DFFD3-1155-45B1-A546-CD6C579CFBC9}.Release|iPhoneSimulator.Build.0 = Release|Any CPU
		{A93DFFD3-1155-45B1-A546-CD6C579CFBC9}.Release|x64.ActiveCfg = Release|Any CPU
		{A93DFFD3-1155-45B1-A546-CD6C579CFBC9}.Release|x64.Build.0 = Release|Any CPU
		{A93DFFD3-1155-45B1-A546-CD6C579CFBC9}.Release|x86.ActiveCfg = Release|Any CPU
		{A93DFFD3-1155-45B1-A546-CD6C579CFBC9}.Release|x86.Build.0 = Release|Any CPU
		{CF2FCE24-FAB0-4E6B-8DC7-89098DA5C71E}.Ad-Hoc|Any CPU.ActiveCfg = Release|Any CPU
		{CF2FCE24-FAB0-4E6B-8DC7-89098DA5C71E}.Ad-Hoc|Any CPU.Build.0 = Release|Any CPU
		{CF2FCE24-FAB0-4E6B-8DC7-89098DA5C71E}.Ad-Hoc|ARM.ActiveCfg = Release|ARM
		{CF2FCE24-FAB0-4E6B-8DC7-89098DA5C71E}.Ad-Hoc|ARM.Build.0 = Release|ARM
		{CF2FCE24-FAB0-4E6B-8DC7-89098DA5C71E}.Ad-Hoc|iPhone.ActiveCfg = Release|Any CPU
		{CF2FCE24-FAB0-4E6B-8DC7-89098DA5C71E}.Ad-Hoc|iPhone.Build.0 = Release|Any CPU
		{CF2FCE24-FAB0-4E6B-8DC7-89098DA5C71E}.Ad-Hoc|iPhoneSimulator.ActiveCfg = Release|Any CPU
		{CF2FCE24-FAB0-4E6B-8DC7-89098DA5C71E}.Ad-Hoc|iPhoneSimulator.Build.0 = Release|Any CPU
		{CF2FCE24-FAB0-4E6B-8DC7-89098DA5C71E}.Ad-Hoc|x64.ActiveCfg = Release|x64
		{CF2FCE24-FAB0-4E6B-8DC7-89098DA5C71E}.Ad-Hoc|x64.Build.0 = Release|x64
		{CF2FCE24-FAB0-4E6B-8DC7-89098DA5C71E}.Ad-Hoc|x86.ActiveCfg = Release|x86
		{CF2FCE24-FAB0-4E6B-8DC7-89098DA5C71E}.Ad-Hoc|x86.Build.0 = Release|x86
		{CF2FCE24-FAB0-4E6B-8DC7-89098DA5C71E}.AppStore|Any CPU.ActiveCfg = Release|Any CPU
		{CF2FCE24-FAB0-4E6B-8DC7-89098DA5C71E}.AppStore|Any CPU.Build.0 = Release|Any CPU
		{CF2FCE24-FAB0-4E6B-8DC7-89098DA5C71E}.AppStore|ARM.ActiveCfg = Release|ARM
		{CF2FCE24-FAB0-4E6B-8DC7-89098DA5C71E}.AppStore|ARM.Build.0 = Release|ARM
		{CF2FCE24-FAB0-4E6B-8DC7-89098DA5C71E}.AppStore|iPhone.ActiveCfg = Release|Any CPU
		{CF2FCE24-FAB0-4E6B-8DC7-89098DA5C71E}.AppStore|iPhone.Build.0 = Release|Any CPU
		{CF2FCE24-FAB0-4E6B-8DC7-89098DA5C71E}.AppStore|iPhoneSimulator.ActiveCfg = Release|Any CPU
		{CF2FCE24-FAB0-4E6B-8DC7-89098DA5C71E}.AppStore|iPhoneSimulator.Build.0 = Release|Any CPU
		{CF2FCE24-FAB0-4E6B-8DC7-89098DA5C71E}.AppStore|x64.ActiveCfg = Release|x64
		{CF2FCE24-FAB0-4E6B-8DC7-89098DA5C71E}.AppStore|x64.Build.0 = Release|x64
		{CF2FCE24-FAB0-4E6B-8DC7-89098DA5C71E}.AppStore|x86.ActiveCfg = Release|x86
		{CF2FCE24-FAB0-4E6B-8DC7-89098DA5C71E}.AppStore|x86.Build.0 = Release|x86
		{CF2FCE24-FAB0-4E6B-8DC7-89098DA5C71E}.Debug|Any CPU.ActiveCfg = Debug|Any CPU
		{CF2FCE24-FAB0-4E6B-8DC7-89098DA5C71E}.Debug|Any CPU.Build.0 = Debug|Any CPU
		{CF2FCE24-FAB0-4E6B-8DC7-89098DA5C71E}.Debug|ARM.ActiveCfg = Debug|ARM
		{CF2FCE24-FAB0-4E6B-8DC7-89098DA5C71E}.Debug|ARM.Build.0 = Debug|ARM
		{CF2FCE24-FAB0-4E6B-8DC7-89098DA5C71E}.Debug|iPhone.ActiveCfg = Debug|Any CPU
		{CF2FCE24-FAB0-4E6B-8DC7-89098DA5C71E}.Debug|iPhone.Build.0 = Debug|Any CPU
		{CF2FCE24-FAB0-4E6B-8DC7-89098DA5C71E}.Debug|iPhoneSimulator.ActiveCfg = Debug|Any CPU
		{CF2FCE24-FAB0-4E6B-8DC7-89098DA5C71E}.Debug|iPhoneSimulator.Build.0 = Debug|Any CPU
		{CF2FCE24-FAB0-4E6B-8DC7-89098DA5C71E}.Debug|x64.ActiveCfg = Debug|x64
		{CF2FCE24-FAB0-4E6B-8DC7-89098DA5C71E}.Debug|x64.Build.0 = Debug|x64
		{CF2FCE24-FAB0-4E6B-8DC7-89098DA5C71E}.Debug|x86.ActiveCfg = Debug|x86
		{CF2FCE24-FAB0-4E6B-8DC7-89098DA5C71E}.Debug|x86.Build.0 = Debug|x86
		{CF2FCE24-FAB0-4E6B-8DC7-89098DA5C71E}.Release|Any CPU.ActiveCfg = Release|Any CPU
		{CF2FCE24-FAB0-4E6B-8DC7-89098DA5C71E}.Release|Any CPU.Build.0 = Release|Any CPU
		{CF2FCE24-FAB0-4E6B-8DC7-89098DA5C71E}.Release|ARM.ActiveCfg = Release|ARM
		{CF2FCE24-FAB0-4E6B-8DC7-89098DA5C71E}.Release|ARM.Build.0 = Release|ARM
		{CF2FCE24-FAB0-4E6B-8DC7-89098DA5C71E}.Release|iPhone.ActiveCfg = Release|Any CPU
		{CF2FCE24-FAB0-4E6B-8DC7-89098DA5C71E}.Release|iPhone.Build.0 = Release|Any CPU
		{CF2FCE24-FAB0-4E6B-8DC7-89098DA5C71E}.Release|iPhoneSimulator.ActiveCfg = Release|Any CPU
		{CF2FCE24-FAB0-4E6B-8DC7-89098DA5C71E}.Release|iPhoneSimulator.Build.0 = Release|Any CPU
		{CF2FCE24-FAB0-4E6B-8DC7-89098DA5C71E}.Release|x64.ActiveCfg = Release|x64
		{CF2FCE24-FAB0-4E6B-8DC7-89098DA5C71E}.Release|x64.Build.0 = Release|x64
		{CF2FCE24-FAB0-4E6B-8DC7-89098DA5C71E}.Release|x86.ActiveCfg = Release|x86
		{CF2FCE24-FAB0-4E6B-8DC7-89098DA5C71E}.Release|x86.Build.0 = Release|x86
		{B70BE382-C5A6-4AF0-A8E3-9D73C5BD2995}.Ad-Hoc|Any CPU.ActiveCfg = Release|Any CPU
		{B70BE382-C5A6-4AF0-A8E3-9D73C5BD2995}.Ad-Hoc|Any CPU.Build.0 = Release|Any CPU
		{B70BE382-C5A6-4AF0-A8E3-9D73C5BD2995}.Ad-Hoc|ARM.ActiveCfg = Release|Any CPU
		{B70BE382-C5A6-4AF0-A8E3-9D73C5BD2995}.Ad-Hoc|ARM.Build.0 = Release|Any CPU
		{B70BE382-C5A6-4AF0-A8E3-9D73C5BD2995}.Ad-Hoc|iPhone.ActiveCfg = Release|Any CPU
		{B70BE382-C5A6-4AF0-A8E3-9D73C5BD2995}.Ad-Hoc|iPhone.Build.0 = Release|Any CPU
		{B70BE382-C5A6-4AF0-A8E3-9D73C5BD2995}.Ad-Hoc|iPhoneSimulator.ActiveCfg = Release|Any CPU
		{B70BE382-C5A6-4AF0-A8E3-9D73C5BD2995}.Ad-Hoc|iPhoneSimulator.Build.0 = Release|Any CPU
		{B70BE382-C5A6-4AF0-A8E3-9D73C5BD2995}.Ad-Hoc|x64.ActiveCfg = Release|Any CPU
		{B70BE382-C5A6-4AF0-A8E3-9D73C5BD2995}.Ad-Hoc|x64.Build.0 = Release|Any CPU
		{B70BE382-C5A6-4AF0-A8E3-9D73C5BD2995}.Ad-Hoc|x86.ActiveCfg = Release|Any CPU
		{B70BE382-C5A6-4AF0-A8E3-9D73C5BD2995}.Ad-Hoc|x86.Build.0 = Release|Any CPU
		{B70BE382-C5A6-4AF0-A8E3-9D73C5BD2995}.AppStore|Any CPU.ActiveCfg = Release|Any CPU
		{B70BE382-C5A6-4AF0-A8E3-9D73C5BD2995}.AppStore|Any CPU.Build.0 = Release|Any CPU
		{B70BE382-C5A6-4AF0-A8E3-9D73C5BD2995}.AppStore|ARM.ActiveCfg = Release|Any CPU
		{B70BE382-C5A6-4AF0-A8E3-9D73C5BD2995}.AppStore|ARM.Build.0 = Release|Any CPU
		{B70BE382-C5A6-4AF0-A8E3-9D73C5BD2995}.AppStore|iPhone.ActiveCfg = Release|Any CPU
		{B70BE382-C5A6-4AF0-A8E3-9D73C5BD2995}.AppStore|iPhone.Build.0 = Release|Any CPU
		{B70BE382-C5A6-4AF0-A8E3-9D73C5BD2995}.AppStore|iPhoneSimulator.ActiveCfg = Release|Any CPU
		{B70BE382-C5A6-4AF0-A8E3-9D73C5BD2995}.AppStore|iPhoneSimulator.Build.0 = Release|Any CPU
		{B70BE382-C5A6-4AF0-A8E3-9D73C5BD2995}.AppStore|x64.ActiveCfg = Release|Any CPU
		{B70BE382-C5A6-4AF0-A8E3-9D73C5BD2995}.AppStore|x64.Build.0 = Release|Any CPU
		{B70BE382-C5A6-4AF0-A8E3-9D73C5BD2995}.AppStore|x86.ActiveCfg = Release|Any CPU
		{B70BE382-C5A6-4AF0-A8E3-9D73C5BD2995}.AppStore|x86.Build.0 = Release|Any CPU
		{B70BE382-C5A6-4AF0-A8E3-9D73C5BD2995}.Debug|Any CPU.ActiveCfg = Debug|Any CPU
		{B70BE382-C5A6-4AF0-A8E3-9D73C5BD2995}.Debug|Any CPU.Build.0 = Debug|Any CPU
		{B70BE382-C5A6-4AF0-A8E3-9D73C5BD2995}.Debug|ARM.ActiveCfg = Debug|Any CPU
		{B70BE382-C5A6-4AF0-A8E3-9D73C5BD2995}.Debug|ARM.Build.0 = Debug|Any CPU
		{B70BE382-C5A6-4AF0-A8E3-9D73C5BD2995}.Debug|iPhone.ActiveCfg = Debug|Any CPU
		{B70BE382-C5A6-4AF0-A8E3-9D73C5BD2995}.Debug|iPhone.Build.0 = Debug|Any CPU
		{B70BE382-C5A6-4AF0-A8E3-9D73C5BD2995}.Debug|iPhoneSimulator.ActiveCfg = Debug|Any CPU
		{B70BE382-C5A6-4AF0-A8E3-9D73C5BD2995}.Debug|iPhoneSimulator.Build.0 = Debug|Any CPU
		{B70BE382-C5A6-4AF0-A8E3-9D73C5BD2995}.Debug|x64.ActiveCfg = Debug|Any CPU
		{B70BE382-C5A6-4AF0-A8E3-9D73C5BD2995}.Debug|x64.Build.0 = Debug|Any CPU
		{B70BE382-C5A6-4AF0-A8E3-9D73C5BD2995}.Debug|x86.ActiveCfg = Debug|Any CPU
		{B70BE382-C5A6-4AF0-A8E3-9D73C5BD2995}.Debug|x86.Build.0 = Debug|Any CPU
		{B70BE382-C5A6-4AF0-A8E3-9D73C5BD2995}.Release|Any CPU.ActiveCfg = Release|Any CPU
		{B70BE382-C5A6-4AF0-A8E3-9D73C5BD2995}.Release|Any CPU.Build.0 = Release|Any CPU
		{B70BE382-C5A6-4AF0-A8E3-9D73C5BD2995}.Release|ARM.ActiveCfg = Release|Any CPU
		{B70BE382-C5A6-4AF0-A8E3-9D73C5BD2995}.Release|ARM.Build.0 = Release|Any CPU
		{B70BE382-C5A6-4AF0-A8E3-9D73C5BD2995}.Release|iPhone.ActiveCfg = Release|Any CPU
		{B70BE382-C5A6-4AF0-A8E3-9D73C5BD2995}.Release|iPhone.Build.0 = Release|Any CPU
		{B70BE382-C5A6-4AF0-A8E3-9D73C5BD2995}.Release|iPhoneSimulator.ActiveCfg = Release|Any CPU
		{B70BE382-C5A6-4AF0-A8E3-9D73C5BD2995}.Release|iPhoneSimulator.Build.0 = Release|Any CPU
		{B70BE382-C5A6-4AF0-A8E3-9D73C5BD2995}.Release|x64.ActiveCfg = Release|Any CPU
		{B70BE382-C5A6-4AF0-A8E3-9D73C5BD2995}.Release|x64.Build.0 = Release|Any CPU
		{B70BE382-C5A6-4AF0-A8E3-9D73C5BD2995}.Release|x86.ActiveCfg = Release|Any CPU
		{B70BE382-C5A6-4AF0-A8E3-9D73C5BD2995}.Release|x86.Build.0 = Release|Any CPU
		{808DC2C6-BA7A-41FC-B8AD-912C83F932BE}.Ad-Hoc|Any CPU.ActiveCfg = Release|Any CPU
		{808DC2C6-BA7A-41FC-B8AD-912C83F932BE}.Ad-Hoc|Any CPU.Build.0 = Release|Any CPU
		{808DC2C6-BA7A-41FC-B8AD-912C83F932BE}.Ad-Hoc|Any CPU.Deploy.0 = Release|Any CPU
		{808DC2C6-BA7A-41FC-B8AD-912C83F932BE}.Ad-Hoc|ARM.ActiveCfg = Release|Any CPU
		{808DC2C6-BA7A-41FC-B8AD-912C83F932BE}.Ad-Hoc|ARM.Build.0 = Release|Any CPU
		{808DC2C6-BA7A-41FC-B8AD-912C83F932BE}.Ad-Hoc|ARM.Deploy.0 = Release|Any CPU
		{808DC2C6-BA7A-41FC-B8AD-912C83F932BE}.Ad-Hoc|iPhone.ActiveCfg = Release|Any CPU
		{808DC2C6-BA7A-41FC-B8AD-912C83F932BE}.Ad-Hoc|iPhone.Build.0 = Release|Any CPU
		{808DC2C6-BA7A-41FC-B8AD-912C83F932BE}.Ad-Hoc|iPhone.Deploy.0 = Release|Any CPU
		{808DC2C6-BA7A-41FC-B8AD-912C83F932BE}.Ad-Hoc|iPhoneSimulator.ActiveCfg = Release|Any CPU
		{808DC2C6-BA7A-41FC-B8AD-912C83F932BE}.Ad-Hoc|iPhoneSimulator.Build.0 = Release|Any CPU
		{808DC2C6-BA7A-41FC-B8AD-912C83F932BE}.Ad-Hoc|iPhoneSimulator.Deploy.0 = Release|Any CPU
		{808DC2C6-BA7A-41FC-B8AD-912C83F932BE}.Ad-Hoc|x64.ActiveCfg = Release|Any CPU
		{808DC2C6-BA7A-41FC-B8AD-912C83F932BE}.Ad-Hoc|x64.Build.0 = Release|Any CPU
		{808DC2C6-BA7A-41FC-B8AD-912C83F932BE}.Ad-Hoc|x64.Deploy.0 = Release|Any CPU
		{808DC2C6-BA7A-41FC-B8AD-912C83F932BE}.Ad-Hoc|x86.ActiveCfg = Release|Any CPU
		{808DC2C6-BA7A-41FC-B8AD-912C83F932BE}.Ad-Hoc|x86.Build.0 = Release|Any CPU
		{808DC2C6-BA7A-41FC-B8AD-912C83F932BE}.Ad-Hoc|x86.Deploy.0 = Release|Any CPU
		{808DC2C6-BA7A-41FC-B8AD-912C83F932BE}.AppStore|Any CPU.ActiveCfg = Release|Any CPU
		{808DC2C6-BA7A-41FC-B8AD-912C83F932BE}.AppStore|Any CPU.Build.0 = Release|Any CPU
		{808DC2C6-BA7A-41FC-B8AD-912C83F932BE}.AppStore|Any CPU.Deploy.0 = Release|Any CPU
		{808DC2C6-BA7A-41FC-B8AD-912C83F932BE}.AppStore|ARM.ActiveCfg = Release|Any CPU
		{808DC2C6-BA7A-41FC-B8AD-912C83F932BE}.AppStore|ARM.Build.0 = Release|Any CPU
		{808DC2C6-BA7A-41FC-B8AD-912C83F932BE}.AppStore|ARM.Deploy.0 = Release|Any CPU
		{808DC2C6-BA7A-41FC-B8AD-912C83F932BE}.AppStore|iPhone.ActiveCfg = Release|Any CPU
		{808DC2C6-BA7A-41FC-B8AD-912C83F932BE}.AppStore|iPhone.Build.0 = Release|Any CPU
		{808DC2C6-BA7A-41FC-B8AD-912C83F932BE}.AppStore|iPhone.Deploy.0 = Release|Any CPU
		{808DC2C6-BA7A-41FC-B8AD-912C83F932BE}.AppStore|iPhoneSimulator.ActiveCfg = Release|Any CPU
		{808DC2C6-BA7A-41FC-B8AD-912C83F932BE}.AppStore|iPhoneSimulator.Build.0 = Release|Any CPU
		{808DC2C6-BA7A-41FC-B8AD-912C83F932BE}.AppStore|iPhoneSimulator.Deploy.0 = Release|Any CPU
		{808DC2C6-BA7A-41FC-B8AD-912C83F932BE}.AppStore|x64.ActiveCfg = Release|Any CPU
		{808DC2C6-BA7A-41FC-B8AD-912C83F932BE}.AppStore|x64.Build.0 = Release|Any CPU
		{808DC2C6-BA7A-41FC-B8AD-912C83F932BE}.AppStore|x64.Deploy.0 = Release|Any CPU
		{808DC2C6-BA7A-41FC-B8AD-912C83F932BE}.AppStore|x86.ActiveCfg = Release|Any CPU
		{808DC2C6-BA7A-41FC-B8AD-912C83F932BE}.AppStore|x86.Build.0 = Release|Any CPU
		{808DC2C6-BA7A-41FC-B8AD-912C83F932BE}.AppStore|x86.Deploy.0 = Release|Any CPU
		{808DC2C6-BA7A-41FC-B8AD-912C83F932BE}.Debug|Any CPU.ActiveCfg = Debug|Any CPU
		{808DC2C6-BA7A-41FC-B8AD-912C83F932BE}.Debug|Any CPU.Build.0 = Debug|Any CPU
		{808DC2C6-BA7A-41FC-B8AD-912C83F932BE}.Debug|Any CPU.Deploy.0 = Debug|Any CPU
		{808DC2C6-BA7A-41FC-B8AD-912C83F932BE}.Debug|ARM.ActiveCfg = Debug|Any CPU
		{808DC2C6-BA7A-41FC-B8AD-912C83F932BE}.Debug|ARM.Build.0 = Debug|Any CPU
		{808DC2C6-BA7A-41FC-B8AD-912C83F932BE}.Debug|ARM.Deploy.0 = Debug|Any CPU
		{808DC2C6-BA7A-41FC-B8AD-912C83F932BE}.Debug|iPhone.ActiveCfg = Debug|Any CPU
		{808DC2C6-BA7A-41FC-B8AD-912C83F932BE}.Debug|iPhone.Build.0 = Debug|Any CPU
		{808DC2C6-BA7A-41FC-B8AD-912C83F932BE}.Debug|iPhone.Deploy.0 = Debug|Any CPU
		{808DC2C6-BA7A-41FC-B8AD-912C83F932BE}.Debug|iPhoneSimulator.ActiveCfg = Debug|Any CPU
		{808DC2C6-BA7A-41FC-B8AD-912C83F932BE}.Debug|iPhoneSimulator.Build.0 = Debug|Any CPU
		{808DC2C6-BA7A-41FC-B8AD-912C83F932BE}.Debug|iPhoneSimulator.Deploy.0 = Debug|Any CPU
		{808DC2C6-BA7A-41FC-B8AD-912C83F932BE}.Debug|x64.ActiveCfg = Debug|Any CPU
		{808DC2C6-BA7A-41FC-B8AD-912C83F932BE}.Debug|x64.Build.0 = Debug|Any CPU
		{808DC2C6-BA7A-41FC-B8AD-912C83F932BE}.Debug|x64.Deploy.0 = Debug|Any CPU
		{808DC2C6-BA7A-41FC-B8AD-912C83F932BE}.Debug|x86.ActiveCfg = Debug|Any CPU
		{808DC2C6-BA7A-41FC-B8AD-912C83F932BE}.Debug|x86.Build.0 = Debug|Any CPU
		{808DC2C6-BA7A-41FC-B8AD-912C83F932BE}.Debug|x86.Deploy.0 = Debug|Any CPU
		{808DC2C6-BA7A-41FC-B8AD-912C83F932BE}.Release|Any CPU.ActiveCfg = Release|Any CPU
		{808DC2C6-BA7A-41FC-B8AD-912C83F932BE}.Release|Any CPU.Build.0 = Release|Any CPU
		{808DC2C6-BA7A-41FC-B8AD-912C83F932BE}.Release|Any CPU.Deploy.0 = Release|Any CPU
		{808DC2C6-BA7A-41FC-B8AD-912C83F932BE}.Release|ARM.ActiveCfg = Release|Any CPU
		{808DC2C6-BA7A-41FC-B8AD-912C83F932BE}.Release|ARM.Build.0 = Release|Any CPU
		{808DC2C6-BA7A-41FC-B8AD-912C83F932BE}.Release|ARM.Deploy.0 = Release|Any CPU
		{808DC2C6-BA7A-41FC-B8AD-912C83F932BE}.Release|iPhone.ActiveCfg = Release|Any CPU
		{808DC2C6-BA7A-41FC-B8AD-912C83F932BE}.Release|iPhone.Build.0 = Release|Any CPU
		{808DC2C6-BA7A-41FC-B8AD-912C83F932BE}.Release|iPhone.Deploy.0 = Release|Any CPU
		{808DC2C6-BA7A-41FC-B8AD-912C83F932BE}.Release|iPhoneSimulator.ActiveCfg = Release|Any CPU
		{808DC2C6-BA7A-41FC-B8AD-912C83F932BE}.Release|iPhoneSimulator.Build.0 = Release|Any CPU
		{808DC2C6-BA7A-41FC-B8AD-912C83F932BE}.Release|iPhoneSimulator.Deploy.0 = Release|Any CPU
		{808DC2C6-BA7A-41FC-B8AD-912C83F932BE}.Release|x64.ActiveCfg = Release|Any CPU
		{808DC2C6-BA7A-41FC-B8AD-912C83F932BE}.Release|x64.Build.0 = Release|Any CPU
		{808DC2C6-BA7A-41FC-B8AD-912C83F932BE}.Release|x64.Deploy.0 = Release|Any CPU
		{808DC2C6-BA7A-41FC-B8AD-912C83F932BE}.Release|x86.ActiveCfg = Release|Any CPU
		{808DC2C6-BA7A-41FC-B8AD-912C83F932BE}.Release|x86.Build.0 = Release|Any CPU
		{808DC2C6-BA7A-41FC-B8AD-912C83F932BE}.Release|x86.Deploy.0 = Release|Any CPU
		{88762F8A-2EBF-4328-BF01-E823AD378F3F}.Ad-Hoc|Any CPU.ActiveCfg = Ad-Hoc|iPhone
		{88762F8A-2EBF-4328-BF01-E823AD378F3F}.Ad-Hoc|ARM.ActiveCfg = Ad-Hoc|iPhone
		{88762F8A-2EBF-4328-BF01-E823AD378F3F}.Ad-Hoc|iPhone.ActiveCfg = Ad-Hoc|iPhone
		{88762F8A-2EBF-4328-BF01-E823AD378F3F}.Ad-Hoc|iPhone.Build.0 = Ad-Hoc|iPhone
		{88762F8A-2EBF-4328-BF01-E823AD378F3F}.Ad-Hoc|iPhoneSimulator.ActiveCfg = Ad-Hoc|iPhoneSimulator
		{88762F8A-2EBF-4328-BF01-E823AD378F3F}.Ad-Hoc|iPhoneSimulator.Build.0 = Ad-Hoc|iPhoneSimulator
		{88762F8A-2EBF-4328-BF01-E823AD378F3F}.Ad-Hoc|x64.ActiveCfg = Ad-Hoc|iPhone
		{88762F8A-2EBF-4328-BF01-E823AD378F3F}.Ad-Hoc|x86.ActiveCfg = Ad-Hoc|iPhone
		{88762F8A-2EBF-4328-BF01-E823AD378F3F}.AppStore|Any CPU.ActiveCfg = AppStore|iPhone
		{88762F8A-2EBF-4328-BF01-E823AD378F3F}.AppStore|ARM.ActiveCfg = AppStore|iPhone
		{88762F8A-2EBF-4328-BF01-E823AD378F3F}.AppStore|iPhone.ActiveCfg = AppStore|iPhone
		{88762F8A-2EBF-4328-BF01-E823AD378F3F}.AppStore|iPhone.Build.0 = AppStore|iPhone
		{88762F8A-2EBF-4328-BF01-E823AD378F3F}.AppStore|iPhoneSimulator.ActiveCfg = AppStore|iPhoneSimulator
		{88762F8A-2EBF-4328-BF01-E823AD378F3F}.AppStore|iPhoneSimulator.Build.0 = AppStore|iPhoneSimulator
		{88762F8A-2EBF-4328-BF01-E823AD378F3F}.AppStore|x64.ActiveCfg = AppStore|iPhone
		{88762F8A-2EBF-4328-BF01-E823AD378F3F}.AppStore|x86.ActiveCfg = AppStore|iPhone
		{88762F8A-2EBF-4328-BF01-E823AD378F3F}.Debug|Any CPU.ActiveCfg = Debug|iPhone
		{88762F8A-2EBF-4328-BF01-E823AD378F3F}.Debug|ARM.ActiveCfg = Debug|iPhone
		{88762F8A-2EBF-4328-BF01-E823AD378F3F}.Debug|iPhone.ActiveCfg = Debug|iPhone
		{88762F8A-2EBF-4328-BF01-E823AD378F3F}.Debug|iPhone.Build.0 = Debug|iPhone
		{88762F8A-2EBF-4328-BF01-E823AD378F3F}.Debug|iPhoneSimulator.ActiveCfg = Debug|iPhoneSimulator
		{88762F8A-2EBF-4328-BF01-E823AD378F3F}.Debug|iPhoneSimulator.Build.0 = Debug|iPhoneSimulator
		{88762F8A-2EBF-4328-BF01-E823AD378F3F}.Debug|x64.ActiveCfg = Debug|iPhone
		{88762F8A-2EBF-4328-BF01-E823AD378F3F}.Debug|x86.ActiveCfg = Debug|iPhone
		{88762F8A-2EBF-4328-BF01-E823AD378F3F}.Release|Any CPU.ActiveCfg = Release|iPhone
		{88762F8A-2EBF-4328-BF01-E823AD378F3F}.Release|ARM.ActiveCfg = Release|iPhone
		{88762F8A-2EBF-4328-BF01-E823AD378F3F}.Release|iPhone.ActiveCfg = Release|iPhone
		{88762F8A-2EBF-4328-BF01-E823AD378F3F}.Release|iPhone.Build.0 = Release|iPhone
		{88762F8A-2EBF-4328-BF01-E823AD378F3F}.Release|iPhoneSimulator.ActiveCfg = Release|iPhoneSimulator
		{88762F8A-2EBF-4328-BF01-E823AD378F3F}.Release|iPhoneSimulator.Build.0 = Release|iPhoneSimulator
		{88762F8A-2EBF-4328-BF01-E823AD378F3F}.Release|x64.ActiveCfg = Release|iPhone
		{88762F8A-2EBF-4328-BF01-E823AD378F3F}.Release|x86.ActiveCfg = Release|iPhone
		{4E4C4CFF-1977-4AFF-8319-F1224BF368F8}.Ad-Hoc|Any CPU.ActiveCfg = Release|x86
		{4E4C4CFF-1977-4AFF-8319-F1224BF368F8}.Ad-Hoc|Any CPU.Build.0 = Release|x86
		{4E4C4CFF-1977-4AFF-8319-F1224BF368F8}.Ad-Hoc|Any CPU.Deploy.0 = Release|x86
		{4E4C4CFF-1977-4AFF-8319-F1224BF368F8}.Ad-Hoc|ARM.ActiveCfg = Release|ARM
		{4E4C4CFF-1977-4AFF-8319-F1224BF368F8}.Ad-Hoc|ARM.Build.0 = Release|ARM
		{4E4C4CFF-1977-4AFF-8319-F1224BF368F8}.Ad-Hoc|ARM.Deploy.0 = Release|ARM
		{4E4C4CFF-1977-4AFF-8319-F1224BF368F8}.Ad-Hoc|iPhone.ActiveCfg = Release|x86
		{4E4C4CFF-1977-4AFF-8319-F1224BF368F8}.Ad-Hoc|iPhone.Build.0 = Release|x86
		{4E4C4CFF-1977-4AFF-8319-F1224BF368F8}.Ad-Hoc|iPhone.Deploy.0 = Release|x86
		{4E4C4CFF-1977-4AFF-8319-F1224BF368F8}.Ad-Hoc|iPhoneSimulator.ActiveCfg = Release|x86
		{4E4C4CFF-1977-4AFF-8319-F1224BF368F8}.Ad-Hoc|iPhoneSimulator.Build.0 = Release|x86
		{4E4C4CFF-1977-4AFF-8319-F1224BF368F8}.Ad-Hoc|iPhoneSimulator.Deploy.0 = Release|x86
		{4E4C4CFF-1977-4AFF-8319-F1224BF368F8}.Ad-Hoc|x64.ActiveCfg = Release|x64
		{4E4C4CFF-1977-4AFF-8319-F1224BF368F8}.Ad-Hoc|x64.Build.0 = Release|x64
		{4E4C4CFF-1977-4AFF-8319-F1224BF368F8}.Ad-Hoc|x64.Deploy.0 = Release|x64
		{4E4C4CFF-1977-4AFF-8319-F1224BF368F8}.Ad-Hoc|x86.ActiveCfg = Release|x86
		{4E4C4CFF-1977-4AFF-8319-F1224BF368F8}.Ad-Hoc|x86.Build.0 = Release|x86
		{4E4C4CFF-1977-4AFF-8319-F1224BF368F8}.Ad-Hoc|x86.Deploy.0 = Release|x86
		{4E4C4CFF-1977-4AFF-8319-F1224BF368F8}.AppStore|Any CPU.ActiveCfg = Release|x86
		{4E4C4CFF-1977-4AFF-8319-F1224BF368F8}.AppStore|Any CPU.Build.0 = Release|x86
		{4E4C4CFF-1977-4AFF-8319-F1224BF368F8}.AppStore|Any CPU.Deploy.0 = Release|x86
		{4E4C4CFF-1977-4AFF-8319-F1224BF368F8}.AppStore|ARM.ActiveCfg = Release|ARM
		{4E4C4CFF-1977-4AFF-8319-F1224BF368F8}.AppStore|ARM.Build.0 = Release|ARM
		{4E4C4CFF-1977-4AFF-8319-F1224BF368F8}.AppStore|ARM.Deploy.0 = Release|ARM
		{4E4C4CFF-1977-4AFF-8319-F1224BF368F8}.AppStore|iPhone.ActiveCfg = Release|x86
		{4E4C4CFF-1977-4AFF-8319-F1224BF368F8}.AppStore|iPhone.Build.0 = Release|x86
		{4E4C4CFF-1977-4AFF-8319-F1224BF368F8}.AppStore|iPhone.Deploy.0 = Release|x86
		{4E4C4CFF-1977-4AFF-8319-F1224BF368F8}.AppStore|iPhoneSimulator.ActiveCfg = Release|x86
		{4E4C4CFF-1977-4AFF-8319-F1224BF368F8}.AppStore|iPhoneSimulator.Build.0 = Release|x86
		{4E4C4CFF-1977-4AFF-8319-F1224BF368F8}.AppStore|iPhoneSimulator.Deploy.0 = Release|x86
		{4E4C4CFF-1977-4AFF-8319-F1224BF368F8}.AppStore|x64.ActiveCfg = Release|x64
		{4E4C4CFF-1977-4AFF-8319-F1224BF368F8}.AppStore|x64.Build.0 = Release|x64
		{4E4C4CFF-1977-4AFF-8319-F1224BF368F8}.AppStore|x64.Deploy.0 = Release|x64
		{4E4C4CFF-1977-4AFF-8319-F1224BF368F8}.AppStore|x86.ActiveCfg = Release|x86
		{4E4C4CFF-1977-4AFF-8319-F1224BF368F8}.AppStore|x86.Build.0 = Release|x86
		{4E4C4CFF-1977-4AFF-8319-F1224BF368F8}.AppStore|x86.Deploy.0 = Release|x86
		{4E4C4CFF-1977-4AFF-8319-F1224BF368F8}.Debug|Any CPU.ActiveCfg = Debug|x86
		{4E4C4CFF-1977-4AFF-8319-F1224BF368F8}.Debug|ARM.ActiveCfg = Debug|ARM
		{4E4C4CFF-1977-4AFF-8319-F1224BF368F8}.Debug|ARM.Build.0 = Debug|ARM
		{4E4C4CFF-1977-4AFF-8319-F1224BF368F8}.Debug|ARM.Deploy.0 = Debug|ARM
		{4E4C4CFF-1977-4AFF-8319-F1224BF368F8}.Debug|iPhone.ActiveCfg = Debug|x86
		{4E4C4CFF-1977-4AFF-8319-F1224BF368F8}.Debug|iPhoneSimulator.ActiveCfg = Debug|x86
		{4E4C4CFF-1977-4AFF-8319-F1224BF368F8}.Debug|x64.ActiveCfg = Debug|x64
		{4E4C4CFF-1977-4AFF-8319-F1224BF368F8}.Debug|x64.Build.0 = Debug|x64
		{4E4C4CFF-1977-4AFF-8319-F1224BF368F8}.Debug|x64.Deploy.0 = Debug|x64
		{4E4C4CFF-1977-4AFF-8319-F1224BF368F8}.Debug|x86.ActiveCfg = Debug|x86
		{4E4C4CFF-1977-4AFF-8319-F1224BF368F8}.Debug|x86.Build.0 = Debug|x86
		{4E4C4CFF-1977-4AFF-8319-F1224BF368F8}.Debug|x86.Deploy.0 = Debug|x86
		{4E4C4CFF-1977-4AFF-8319-F1224BF368F8}.Release|Any CPU.ActiveCfg = Release|x86
		{4E4C4CFF-1977-4AFF-8319-F1224BF368F8}.Release|ARM.ActiveCfg = Release|ARM
		{4E4C4CFF-1977-4AFF-8319-F1224BF368F8}.Release|ARM.Build.0 = Release|ARM
		{4E4C4CFF-1977-4AFF-8319-F1224BF368F8}.Release|ARM.Deploy.0 = Release|ARM
		{4E4C4CFF-1977-4AFF-8319-F1224BF368F8}.Release|iPhone.ActiveCfg = Release|x86
		{4E4C4CFF-1977-4AFF-8319-F1224BF368F8}.Release|iPhoneSimulator.ActiveCfg = Release|x86
		{4E4C4CFF-1977-4AFF-8319-F1224BF368F8}.Release|x64.ActiveCfg = Release|x64
		{4E4C4CFF-1977-4AFF-8319-F1224BF368F8}.Release|x64.Build.0 = Release|x64
		{4E4C4CFF-1977-4AFF-8319-F1224BF368F8}.Release|x64.Deploy.0 = Release|x64
		{4E4C4CFF-1977-4AFF-8319-F1224BF368F8}.Release|x86.ActiveCfg = Release|x86
		{4E4C4CFF-1977-4AFF-8319-F1224BF368F8}.Release|x86.Build.0 = Release|x86
		{4E4C4CFF-1977-4AFF-8319-F1224BF368F8}.Release|x86.Deploy.0 = Release|x86
		{896502DA-E348-4A5F-91F9-472813637508}.Ad-Hoc|Any CPU.ActiveCfg = Release|Any CPU
		{896502DA-E348-4A5F-91F9-472813637508}.Ad-Hoc|Any CPU.Build.0 = Release|Any CPU
		{896502DA-E348-4A5F-91F9-472813637508}.Ad-Hoc|ARM.ActiveCfg = Release|Any CPU
		{896502DA-E348-4A5F-91F9-472813637508}.Ad-Hoc|ARM.Build.0 = Release|Any CPU
		{896502DA-E348-4A5F-91F9-472813637508}.Ad-Hoc|iPhone.ActiveCfg = Release|Any CPU
		{896502DA-E348-4A5F-91F9-472813637508}.Ad-Hoc|iPhone.Build.0 = Release|Any CPU
		{896502DA-E348-4A5F-91F9-472813637508}.Ad-Hoc|iPhoneSimulator.ActiveCfg = Release|Any CPU
		{896502DA-E348-4A5F-91F9-472813637508}.Ad-Hoc|iPhoneSimulator.Build.0 = Release|Any CPU
		{896502DA-E348-4A5F-91F9-472813637508}.Ad-Hoc|x64.ActiveCfg = Release|Any CPU
		{896502DA-E348-4A5F-91F9-472813637508}.Ad-Hoc|x64.Build.0 = Release|Any CPU
		{896502DA-E348-4A5F-91F9-472813637508}.Ad-Hoc|x86.ActiveCfg = Release|Any CPU
		{896502DA-E348-4A5F-91F9-472813637508}.Ad-Hoc|x86.Build.0 = Release|Any CPU
		{896502DA-E348-4A5F-91F9-472813637508}.AppStore|Any CPU.ActiveCfg = Release|Any CPU
		{896502DA-E348-4A5F-91F9-472813637508}.AppStore|Any CPU.Build.0 = Release|Any CPU
		{896502DA-E348-4A5F-91F9-472813637508}.AppStore|ARM.ActiveCfg = Release|Any CPU
		{896502DA-E348-4A5F-91F9-472813637508}.AppStore|ARM.Build.0 = Release|Any CPU
		{896502DA-E348-4A5F-91F9-472813637508}.AppStore|iPhone.ActiveCfg = Release|Any CPU
		{896502DA-E348-4A5F-91F9-472813637508}.AppStore|iPhone.Build.0 = Release|Any CPU
		{896502DA-E348-4A5F-91F9-472813637508}.AppStore|iPhoneSimulator.ActiveCfg = Release|Any CPU
		{896502DA-E348-4A5F-91F9-472813637508}.AppStore|iPhoneSimulator.Build.0 = Release|Any CPU
		{896502DA-E348-4A5F-91F9-472813637508}.AppStore|x64.ActiveCfg = Release|Any CPU
		{896502DA-E348-4A5F-91F9-472813637508}.AppStore|x64.Build.0 = Release|Any CPU
		{896502DA-E348-4A5F-91F9-472813637508}.AppStore|x86.ActiveCfg = Release|Any CPU
		{896502DA-E348-4A5F-91F9-472813637508}.AppStore|x86.Build.0 = Release|Any CPU
		{896502DA-E348-4A5F-91F9-472813637508}.Debug|Any CPU.ActiveCfg = Debug|Any CPU
		{896502DA-E348-4A5F-91F9-472813637508}.Debug|Any CPU.Build.0 = Debug|Any CPU
		{896502DA-E348-4A5F-91F9-472813637508}.Debug|ARM.ActiveCfg = Debug|Any CPU
		{896502DA-E348-4A5F-91F9-472813637508}.Debug|ARM.Build.0 = Debug|Any CPU
		{896502DA-E348-4A5F-91F9-472813637508}.Debug|iPhone.ActiveCfg = Debug|Any CPU
		{896502DA-E348-4A5F-91F9-472813637508}.Debug|iPhone.Build.0 = Debug|Any CPU
		{896502DA-E348-4A5F-91F9-472813637508}.Debug|iPhoneSimulator.ActiveCfg = Debug|Any CPU
		{896502DA-E348-4A5F-91F9-472813637508}.Debug|iPhoneSimulator.Build.0 = Debug|Any CPU
		{896502DA-E348-4A5F-91F9-472813637508}.Debug|x64.ActiveCfg = Debug|Any CPU
		{896502DA-E348-4A5F-91F9-472813637508}.Debug|x64.Build.0 = Debug|Any CPU
		{896502DA-E348-4A5F-91F9-472813637508}.Debug|x86.ActiveCfg = Debug|Any CPU
		{896502DA-E348-4A5F-91F9-472813637508}.Debug|x86.Build.0 = Debug|Any CPU
		{896502DA-E348-4A5F-91F9-472813637508}.Release|Any CPU.ActiveCfg = Release|Any CPU
		{896502DA-E348-4A5F-91F9-472813637508}.Release|Any CPU.Build.0 = Release|Any CPU
		{896502DA-E348-4A5F-91F9-472813637508}.Release|ARM.ActiveCfg = Release|Any CPU
		{896502DA-E348-4A5F-91F9-472813637508}.Release|ARM.Build.0 = Release|Any CPU
		{896502DA-E348-4A5F-91F9-472813637508}.Release|iPhone.ActiveCfg = Release|Any CPU
		{896502DA-E348-4A5F-91F9-472813637508}.Release|iPhone.Build.0 = Release|Any CPU
		{896502DA-E348-4A5F-91F9-472813637508}.Release|iPhoneSimulator.ActiveCfg = Release|Any CPU
		{896502DA-E348-4A5F-91F9-472813637508}.Release|iPhoneSimulator.Build.0 = Release|Any CPU
		{896502DA-E348-4A5F-91F9-472813637508}.Release|x64.ActiveCfg = Release|Any CPU
		{896502DA-E348-4A5F-91F9-472813637508}.Release|x64.Build.0 = Release|Any CPU
		{896502DA-E348-4A5F-91F9-472813637508}.Release|x86.ActiveCfg = Release|Any CPU
		{896502DA-E348-4A5F-91F9-472813637508}.Release|x86.Build.0 = Release|Any CPU
		{BE5AA007-4C29-4269-A5C1-7BD68E48ADE3}.Ad-Hoc|Any CPU.ActiveCfg = Release|Any CPU
		{BE5AA007-4C29-4269-A5C1-7BD68E48ADE3}.Ad-Hoc|Any CPU.Build.0 = Release|Any CPU
		{BE5AA007-4C29-4269-A5C1-7BD68E48ADE3}.Ad-Hoc|ARM.ActiveCfg = Release|Any CPU
		{BE5AA007-4C29-4269-A5C1-7BD68E48ADE3}.Ad-Hoc|ARM.Build.0 = Release|Any CPU
		{BE5AA007-4C29-4269-A5C1-7BD68E48ADE3}.Ad-Hoc|iPhone.ActiveCfg = Release|Any CPU
		{BE5AA007-4C29-4269-A5C1-7BD68E48ADE3}.Ad-Hoc|iPhone.Build.0 = Release|Any CPU
		{BE5AA007-4C29-4269-A5C1-7BD68E48ADE3}.Ad-Hoc|iPhoneSimulator.ActiveCfg = Release|Any CPU
		{BE5AA007-4C29-4269-A5C1-7BD68E48ADE3}.Ad-Hoc|iPhoneSimulator.Build.0 = Release|Any CPU
		{BE5AA007-4C29-4269-A5C1-7BD68E48ADE3}.Ad-Hoc|x64.ActiveCfg = Release|Any CPU
		{BE5AA007-4C29-4269-A5C1-7BD68E48ADE3}.Ad-Hoc|x64.Build.0 = Release|Any CPU
		{BE5AA007-4C29-4269-A5C1-7BD68E48ADE3}.Ad-Hoc|x86.ActiveCfg = Release|Any CPU
		{BE5AA007-4C29-4269-A5C1-7BD68E48ADE3}.Ad-Hoc|x86.Build.0 = Release|Any CPU
		{BE5AA007-4C29-4269-A5C1-7BD68E48ADE3}.AppStore|Any CPU.ActiveCfg = Release|Any CPU
		{BE5AA007-4C29-4269-A5C1-7BD68E48ADE3}.AppStore|Any CPU.Build.0 = Release|Any CPU
		{BE5AA007-4C29-4269-A5C1-7BD68E48ADE3}.AppStore|ARM.ActiveCfg = Release|Any CPU
		{BE5AA007-4C29-4269-A5C1-7BD68E48ADE3}.AppStore|ARM.Build.0 = Release|Any CPU
		{BE5AA007-4C29-4269-A5C1-7BD68E48ADE3}.AppStore|iPhone.ActiveCfg = Release|Any CPU
		{BE5AA007-4C29-4269-A5C1-7BD68E48ADE3}.AppStore|iPhone.Build.0 = Release|Any CPU
		{BE5AA007-4C29-4269-A5C1-7BD68E48ADE3}.AppStore|iPhoneSimulator.ActiveCfg = Release|Any CPU
		{BE5AA007-4C29-4269-A5C1-7BD68E48ADE3}.AppStore|iPhoneSimulator.Build.0 = Release|Any CPU
		{BE5AA007-4C29-4269-A5C1-7BD68E48ADE3}.AppStore|x64.ActiveCfg = Release|Any CPU
		{BE5AA007-4C29-4269-A5C1-7BD68E48ADE3}.AppStore|x64.Build.0 = Release|Any CPU
		{BE5AA007-4C29-4269-A5C1-7BD68E48ADE3}.AppStore|x86.ActiveCfg = Release|Any CPU
		{BE5AA007-4C29-4269-A5C1-7BD68E48ADE3}.AppStore|x86.Build.0 = Release|Any CPU
		{BE5AA007-4C29-4269-A5C1-7BD68E48ADE3}.Debug|Any CPU.ActiveCfg = Debug|Any CPU
		{BE5AA007-4C29-4269-A5C1-7BD68E48ADE3}.Debug|Any CPU.Build.0 = Debug|Any CPU
		{BE5AA007-4C29-4269-A5C1-7BD68E48ADE3}.Debug|ARM.ActiveCfg = Debug|Any CPU
		{BE5AA007-4C29-4269-A5C1-7BD68E48ADE3}.Debug|ARM.Build.0 = Debug|Any CPU
		{BE5AA007-4C29-4269-A5C1-7BD68E48ADE3}.Debug|iPhone.ActiveCfg = Debug|Any CPU
		{BE5AA007-4C29-4269-A5C1-7BD68E48ADE3}.Debug|iPhone.Build.0 = Debug|Any CPU
		{BE5AA007-4C29-4269-A5C1-7BD68E48ADE3}.Debug|iPhoneSimulator.ActiveCfg = Debug|Any CPU
		{BE5AA007-4C29-4269-A5C1-7BD68E48ADE3}.Debug|iPhoneSimulator.Build.0 = Debug|Any CPU
		{BE5AA007-4C29-4269-A5C1-7BD68E48ADE3}.Debug|x64.ActiveCfg = Debug|Any CPU
		{BE5AA007-4C29-4269-A5C1-7BD68E48ADE3}.Debug|x64.Build.0 = Debug|Any CPU
		{BE5AA007-4C29-4269-A5C1-7BD68E48ADE3}.Debug|x86.ActiveCfg = Debug|Any CPU
		{BE5AA007-4C29-4269-A5C1-7BD68E48ADE3}.Debug|x86.Build.0 = Debug|Any CPU
		{BE5AA007-4C29-4269-A5C1-7BD68E48ADE3}.Release|Any CPU.ActiveCfg = Release|Any CPU
		{BE5AA007-4C29-4269-A5C1-7BD68E48ADE3}.Release|Any CPU.Build.0 = Release|Any CPU
		{BE5AA007-4C29-4269-A5C1-7BD68E48ADE3}.Release|ARM.ActiveCfg = Release|Any CPU
		{BE5AA007-4C29-4269-A5C1-7BD68E48ADE3}.Release|ARM.Build.0 = Release|Any CPU
		{BE5AA007-4C29-4269-A5C1-7BD68E48ADE3}.Release|iPhone.ActiveCfg = Release|Any CPU
		{BE5AA007-4C29-4269-A5C1-7BD68E48ADE3}.Release|iPhone.Build.0 = Release|Any CPU
		{BE5AA007-4C29-4269-A5C1-7BD68E48ADE3}.Release|iPhoneSimulator.ActiveCfg = Release|Any CPU
		{BE5AA007-4C29-4269-A5C1-7BD68E48ADE3}.Release|iPhoneSimulator.Build.0 = Release|Any CPU
		{BE5AA007-4C29-4269-A5C1-7BD68E48ADE3}.Release|x64.ActiveCfg = Release|Any CPU
		{BE5AA007-4C29-4269-A5C1-7BD68E48ADE3}.Release|x64.Build.0 = Release|Any CPU
		{BE5AA007-4C29-4269-A5C1-7BD68E48ADE3}.Release|x86.ActiveCfg = Release|Any CPU
		{BE5AA007-4C29-4269-A5C1-7BD68E48ADE3}.Release|x86.Build.0 = Release|Any CPU
	EndGlobalSection
	GlobalSection(SolutionProperties) = preSolution
		HideSolutionNode = FALSE
	EndGlobalSection
	GlobalSection(ExtensibilityGlobals) = postSolution
		SolutionGuid = {0736E929-99E1-4863-9A9E-1E155863A566}
	EndGlobalSection
EndGlobal
